
Microsoft Visual Studio Solution File, Format Version 12.00
# Visual Studio 15
VisualStudioVersion = 15.0.27004.2002
MinimumVisualStudioVersion = 10.0.40219.1
Project("{8BC9CEB8-8B4A-11D0-8D11-00A0C91BC942}") = "String_Op_Ex2", "String_Op_Ex2\String_Op_Ex2.vcxproj", "{B21DC0F8-3ECA-471F-8A0B-43D03C5354AC}"
EndProject
Global
	GlobalSection(SolutionConfigurationPlatforms) = preSolution
		Debug|x64 = Debug|x64
		Debug|x86 = Debug|x86
		Release|x64 = Release|x64
		Release|x86 = Release|x86
	EndGlobalSection
	GlobalSection(ProjectConfigurationPlatforms) = postSolution
		{B21DC0F8-3ECA-471F-8A0B-43D03C5354AC}.Debug|x64.ActiveCfg = Debug|x64
		{B21DC0F8-3ECA-471F-8A0B-43D03C5354AC}.Debug|x64.Build.0 = Debug|x64
		{B21DC0F8-3ECA-471F-8A0B-43D03C5354AC}.Debug|x86.ActiveCfg = Debug|Win32
		{B21DC0F8-3ECA-471F-8A0B-43D03C5354AC}.Debug|x86.Build.0 = Debug|Win32
		{B21DC0F8-3ECA-471F-8A0B-43D03C5354AC}.Release|x64.ActiveCfg = Release|x64
		{B21DC0F8-3ECA-471F-8A0B-43D03C5354AC}.Release|x64.Build.0 = Release|x64
		{B21DC0F8-3ECA-471F-8A0B-43D03C5354AC}.Release|x86.ActiveCfg = Release|Win32
		{B21DC0F8-3ECA-471F-8A0B-43D03C5354AC}.Release|x86.Build.0 = Release|Win32
	EndGlobalSection
	GlobalSection(SolutionProperties) = preSolution
		HideSolutionNode = FALSE
	EndGlobalSection
	GlobalSection(ExtensibilityGlobals) = postSolution
		SolutionGuid = {0B905D55-0605-430C-8E0F-F2E4BE367557}
	EndGlobalSection
EndGlobal
