
Microsoft Visual Studio Solution File, Format Version 12.00
# Visual Studio 15
VisualStudioVersion = 15.0.27004.2002
MinimumVisualStudioVersion = 10.0.40219.1
Project("{8BC9CEB8-8B4A-11D0-8D11-00A0C91BC942}") = "String_Op_Ex_4", "String_Op_Ex_4\String_Op_Ex_4.vcxproj", "{10121689-569B-4D0B-A3A0-CF569978AF85}"
EndProject
Global
	GlobalSection(SolutionConfigurationPlatforms) = preSolution
		Debug|x64 = Debug|x64
		Debug|x86 = Debug|x86
		Release|x64 = Release|x64
		Release|x86 = Release|x86
	EndGlobalSection
	GlobalSection(ProjectConfigurationPlatforms) = postSolution
		{10121689-569B-4D0B-A3A0-CF569978AF85}.Debug|x64.ActiveCfg = Debug|x64
		{10121689-569B-4D0B-A3A0-CF569978AF85}.Debug|x64.Build.0 = Debug|x64
		{10121689-569B-4D0B-A3A0-CF569978AF85}.Debug|x86.ActiveCfg = Debug|Win32
		{10121689-569B-4D0B-A3A0-CF569978AF85}.Debug|x86.Build.0 = Debug|Win32
		{10121689-569B-4D0B-A3A0-CF569978AF85}.Release|x64.ActiveCfg = Release|x64
		{10121689-569B-4D0B-A3A0-CF569978AF85}.Release|x64.Build.0 = Release|x64
		{10121689-569B-4D0B-A3A0-CF569978AF85}.Release|x86.ActiveCfg = Release|Win32
		{10121689-569B-4D0B-A3A0-CF569978AF85}.Release|x86.Build.0 = Release|Win32
	EndGlobalSection
	GlobalSection(SolutionProperties) = preSolution
		HideSolutionNode = FALSE
	EndGlobalSection
	GlobalSection(ExtensibilityGlobals) = postSolution
		SolutionGuid = {B94FB5EE-FEFC-4660-9B14-E5923A55AE13}
	EndGlobalSection
EndGlobal
