
Microsoft Visual Studio Solution File, Format Version 12.00
# Visual Studio 15
VisualStudioVersion = 15.0.27004.2002
MinimumVisualStudioVersion = 10.0.40219.1
Project("{8BC9CEB8-8B4A-11D0-8D11-00A0C91BC942}") = "Try_This_1", "Try_This_1\Try_This_1.vcxproj", "{CA10CD4E-2D01-4A24-ABEA-3D08A734D739}"
EndProject
Global
	GlobalSection(SolutionConfigurationPlatforms) = preSolution
		Debug|x64 = Debug|x64
		Debug|x86 = Debug|x86
		Release|x64 = Release|x64
		Release|x86 = Release|x86
	EndGlobalSection
	GlobalSection(ProjectConfigurationPlatforms) = postSolution
		{CA10CD4E-2D01-4A24-ABEA-3D08A734D739}.Debug|x64.ActiveCfg = Debug|x64
		{CA10CD4E-2D01-4A24-ABEA-3D08A734D739}.Debug|x64.Build.0 = Debug|x64
		{CA10CD4E-2D01-4A24-ABEA-3D08A734D739}.Debug|x86.ActiveCfg = Debug|Win32
		{CA10CD4E-2D01-4A24-ABEA-3D08A734D739}.Debug|x86.Build.0 = Debug|Win32
		{CA10CD4E-2D01-4A24-ABEA-3D08A734D739}.Release|x64.ActiveCfg = Release|x64
		{CA10CD4E-2D01-4A24-ABEA-3D08A734D739}.Release|x64.Build.0 = Release|x64
		{CA10CD4E-2D01-4A24-ABEA-3D08A734D739}.Release|x86.ActiveCfg = Release|Win32
		{CA10CD4E-2D01-4A24-ABEA-3D08A734D739}.Release|x86.Build.0 = Release|Win32
	EndGlobalSection
	GlobalSection(SolutionProperties) = preSolution
		HideSolutionNode = FALSE
	EndGlobalSection
	GlobalSection(ExtensibilityGlobals) = postSolution
		SolutionGuid = {A884150A-5208-4741-A875-082880B0FF21}
	EndGlobalSection
EndGlobal
