
Microsoft Visual Studio Solution File, Format Version 12.00
# Visual Studio 15
VisualStudioVersion = 15.0.27004.2002
MinimumVisualStudioVersion = 10.0.40219.1
Project("{8BC9CEB8-8B4A-11D0-8D11-00A0C91BC942}") = "Operator_Examples", "Operator_Examples\Operator_Examples.vcxproj", "{E82323CF-BBDB-4404-86FD-5053BC9696DB}"
EndProject
Global
	GlobalSection(SolutionConfigurationPlatforms) = preSolution
		Debug|x64 = Debug|x64
		Debug|x86 = Debug|x86
		Release|x64 = Release|x64
		Release|x86 = Release|x86
	EndGlobalSection
	GlobalSection(ProjectConfigurationPlatforms) = postSolution
		{E82323CF-BBDB-4404-86FD-5053BC9696DB}.Debug|x64.ActiveCfg = Debug|x64
		{E82323CF-BBDB-4404-86FD-5053BC9696DB}.Debug|x64.Build.0 = Debug|x64
		{E82323CF-BBDB-4404-86FD-5053BC9696DB}.Debug|x86.ActiveCfg = Debug|Win32
		{E82323CF-BBDB-4404-86FD-5053BC9696DB}.Debug|x86.Build.0 = Debug|Win32
		{E82323CF-BBDB-4404-86FD-5053BC9696DB}.Release|x64.ActiveCfg = Release|x64
		{E82323CF-BBDB-4404-86FD-5053BC9696DB}.Release|x64.Build.0 = Release|x64
		{E82323CF-BBDB-4404-86FD-5053BC9696DB}.Release|x86.ActiveCfg = Release|Win32
		{E82323CF-BBDB-4404-86FD-5053BC9696DB}.Release|x86.Build.0 = Release|Win32
	EndGlobalSection
	GlobalSection(SolutionProperties) = preSolution
		HideSolutionNode = FALSE
	EndGlobalSection
	GlobalSection(ExtensibilityGlobals) = postSolution
		SolutionGuid = {D28BCA75-25EF-4F4B-A1E9-96268283A989}
	EndGlobalSection
EndGlobal
